
Microsoft Visual Studio Solution File, Format Version 12.00
# Visual Studio Version 17
VisualStudioVersion = 17.4.33205.214
MinimumVisualStudioVersion = 10.0.40219.1
Project("{9A19103F-16F7-4668-BE54-9A1E7A4F7556}") = "IgorBot", "src\IgorBot.csproj", "{FD92337D-BF5B-4B0F-863B-C5D3DAAE47FD}"
EndProject
Project("{2150E333-8FDC-42A3-9474-1A3956D46DE8}") = "Solution Items", "Solution Items", "{9278183E-92F0-424A-A168-DBE4FE4772FF}"
	ProjectSection(SolutionItems) = preProject
		.dockerignore = .dockerignore
		.editorconfig = .editorconfig
		docker\appsettings.Production.example.json = docker\appsettings.Production.example.json
		docker\docker-compose.example.yml = docker\docker-compose.example.yml
		.github\workflows\docker-image.yml = .github\workflows\docker-image.yml
		Dockerfile = Dockerfile
		LICENSE = LICENSE
		README.md = README.md
		.github\workflows\support.yml = .github\workflows\support.yml
	EndProjectSection
EndProject
Global
	GlobalSection(SolutionConfigurationPlatforms) = preSolution
		Debug|Any CPU = Debug|Any CPU
		Release|Any CPU = Release|Any CPU
	EndGlobalSection
	GlobalSection(ProjectConfigurationPlatforms) = postSolution
		{FD92337D-BF5B-4B0F-863B-C5D3DAAE47FD}.Debug|Any CPU.ActiveCfg = Debug|Any CPU
		{FD92337D-BF5B-4B0F-863B-C5D3DAAE47FD}.Debug|Any CPU.Build.0 = Debug|Any CPU
		{FD92337D-BF5B-4B0F-863B-C5D3DAAE47FD}.Release|Any CPU.ActiveCfg = Release|Any CPU
		{FD92337D-BF5B-4B0F-863B-C5D3DAAE47FD}.Release|Any CPU.Build.0 = Release|Any CPU
	EndGlobalSection
	GlobalSection(SolutionProperties) = preSolution
		HideSolutionNode = FALSE
	EndGlobalSection
	GlobalSection(ExtensibilityGlobals) = postSolution
		SolutionGuid = {52884D11-0EB1-4D6C-86E3-2CBEACCD9379}
	EndGlobalSection
EndGlobal
